
Microsoft Visual Studio Solution File, Format Version 11.00
# Visual Studio 2010
Project("{FAE04EC0-301F-11D3-BF4B-00C04F79EFBC}") = "Ultraleap.Tracking.Core", "Ultraleap.Tracking.Core.csproj", "{da3d63d1-0018-462b-54d6-20d22abb8731}"
EndProject
Project("{FAE04EC0-301F-11D3-BF4B-00C04F79EFBC}") = "Ultraleap.Tracking.InteractionEngine", "Ultraleap.Tracking.InteractionEngine.csproj", "{70a68cf8-fd95-30fb-1033-d8b547e1f5bd}"
EndProject
Project("{FAE04EC0-301F-11D3-BF4B-00C04F79EFBC}") = "Assembly-CSharp", "Assembly-CSharp.csproj", "{a934ae4e-3a15-1a14-85c9-b11163260353}"
EndProject
Project("{FAE04EC0-301F-11D3-BF4B-00C04F79EFBC}") = "Ultraleap.Tracking.UIInput", "Ultraleap.Tracking.UIInput.csproj", "{68bda2d4-f760-15bf-8099-f1c78d13b251}"
EndProject
Project("{FAE04EC0-301F-11D3-BF4B-00C04F79EFBC}") = "LeapMotion.LeapCSharp", "LeapMotion.LeapCSharp.csproj", "{41557c98-6ffd-4dc5-2383-c3b7f69a7bec}"
EndProject
Project("{FAE04EC0-301F-11D3-BF4B-00C04F79EFBC}") = "Ultraleap.Tracking.Controllers", "Ultraleap.Tracking.Controllers.csproj", "{a4ce4571-6a40-d6c3-6382-66d89045f073}"
EndProject
Project("{FAE04EC0-301F-11D3-BF4B-00C04F79EFBC}") = "Ultraleap.Tracking.Hands", "Ultraleap.Tracking.Hands.csproj", "{5183ab12-4f16-fda3-9b81-24e5fe0dedc9}"
EndProject
Project("{FAE04EC0-301F-11D3-BF4B-00C04F79EFBC}") = "Ultraleap.Tracking.Core.Tests", "Ultraleap.Tracking.Core.Tests.csproj", "{95b032ff-1e5d-56a6-7aa6-37dc3a41403b}"
EndProject
Project("{FAE04EC0-301F-11D3-BF4B-00C04F79EFBC}") = "Ultraleap.Tracking.Core.Editor", "Ultraleap.Tracking.Core.Editor.csproj", "{8290e613-a182-6594-f819-5129d9078380}"
EndProject
Project("{FAE04EC0-301F-11D3-BF4B-00C04F79EFBC}") = "Assembly-CSharp-Editor", "Assembly-CSharp-Editor.csproj", "{a65f0bcb-a7f1-7d32-188e-af692a5fc3c8}"
EndProject
Project("{FAE04EC0-301F-11D3-BF4B-00C04F79EFBC}") = "Ultraleap.Tracking.InteractionEngine.Editor", "Ultraleap.Tracking.InteractionEngine.Editor.csproj", "{63ac2141-eae5-9be2-e594-e5ae269155f5}"
EndProject
Project("{FAE04EC0-301F-11D3-BF4B-00C04F79EFBC}") = "Ultraleap.Tracking.UIInput.Editor", "Ultraleap.Tracking.UIInput.Editor.csproj", "{b770bbc1-ce41-b206-3c5f-251ffa6add7c}"
EndProject
Project("{FAE04EC0-301F-11D3-BF4B-00C04F79EFBC}") = "Ultraleap.Tracking.Hands.Editor", "Ultraleap.Tracking.Hands.Editor.csproj", "{6481e72a-d010-5f6d-bd99-8e6997b12adb}"
EndProject
Global
	GlobalSection(SolutionConfigurationPlatforms) = preSolution
		Debug|Any CPU = Debug|Any CPU
	EndGlobalSection
	GlobalSection(ProjectConfigurationPlatforms) = postSolution
		{da3d63d1-0018-462b-54d6-20d22abb8731}.Debug|Any CPU.ActiveCfg = Debug|Any CPU
		{da3d63d1-0018-462b-54d6-20d22abb8731}.Debug|Any CPU.Build.0 = Debug|Any CPU
		{70a68cf8-fd95-30fb-1033-d8b547e1f5bd}.Debug|Any CPU.ActiveCfg = Debug|Any CPU
		{70a68cf8-fd95-30fb-1033-d8b547e1f5bd}.Debug|Any CPU.Build.0 = Debug|Any CPU
		{a934ae4e-3a15-1a14-85c9-b11163260353}.Debug|Any CPU.ActiveCfg = Debug|Any CPU
		{a934ae4e-3a15-1a14-85c9-b11163260353}.Debug|Any CPU.Build.0 = Debug|Any CPU
		{68bda2d4-f760-15bf-8099-f1c78d13b251}.Debug|Any CPU.ActiveCfg = Debug|Any CPU
		{68bda2d4-f760-15bf-8099-f1c78d13b251}.Debug|Any CPU.Build.0 = Debug|Any CPU
		{41557c98-6ffd-4dc5-2383-c3b7f69a7bec}.Debug|Any CPU.ActiveCfg = Debug|Any CPU
		{41557c98-6ffd-4dc5-2383-c3b7f69a7bec}.Debug|Any CPU.Build.0 = Debug|Any CPU
		{a4ce4571-6a40-d6c3-6382-66d89045f073}.Debug|Any CPU.ActiveCfg = Debug|Any CPU
		{a4ce4571-6a40-d6c3-6382-66d89045f073}.Debug|Any CPU.Build.0 = Debug|Any CPU
		{5183ab12-4f16-fda3-9b81-24e5fe0dedc9}.Debug|Any CPU.ActiveCfg = Debug|Any CPU
		{5183ab12-4f16-fda3-9b81-24e5fe0dedc9}.Debug|Any CPU.Build.0 = Debug|Any CPU
		{95b032ff-1e5d-56a6-7aa6-37dc3a41403b}.Debug|Any CPU.ActiveCfg = Debug|Any CPU
		{95b032ff-1e5d-56a6-7aa6-37dc3a41403b}.Debug|Any CPU.Build.0 = Debug|Any CPU
		{8290e613-a182-6594-f819-5129d9078380}.Debug|Any CPU.ActiveCfg = Debug|Any CPU
		{8290e613-a182-6594-f819-5129d9078380}.Debug|Any CPU.Build.0 = Debug|Any CPU
		{a65f0bcb-a7f1-7d32-188e-af692a5fc3c8}.Debug|Any CPU.ActiveCfg = Debug|Any CPU
		{a65f0bcb-a7f1-7d32-188e-af692a5fc3c8}.Debug|Any CPU.Build.0 = Debug|Any CPU
		{63ac2141-eae5-9be2-e594-e5ae269155f5}.Debug|Any CPU.ActiveCfg = Debug|Any CPU
		{63ac2141-eae5-9be2-e594-e5ae269155f5}.Debug|Any CPU.Build.0 = Debug|Any CPU
		{b770bbc1-ce41-b206-3c5f-251ffa6add7c}.Debug|Any CPU.ActiveCfg = Debug|Any CPU
		{b770bbc1-ce41-b206-3c5f-251ffa6add7c}.Debug|Any CPU.Build.0 = Debug|Any CPU
		{6481e72a-d010-5f6d-bd99-8e6997b12adb}.Debug|Any CPU.ActiveCfg = Debug|Any CPU
		{6481e72a-d010-5f6d-bd99-8e6997b12adb}.Debug|Any CPU.Build.0 = Debug|Any CPU
	EndGlobalSection
	GlobalSection(SolutionProperties) = preSolution
		HideSolutionNode = FALSE
	EndGlobalSection
EndGlobal
